
Microsoft Visual Studio Solution File, Format Version 12.00
# Visual Studio Version 17
VisualStudioVersion = 17.0.31903.59
MinimumVisualStudioVersion = 10.0.40219.1
Project("{2150E333-8FDC-42A3-9474-1A3956D46DE8}") = "src", "src", "{827E0CD3-B72D-47B6-A68D-7590B98EB39B}"
EndProject
Project("{FAE04EC0-301F-11D3-BF4B-00C04F79EFBC}") = "Fishbowl.Core", "src\Fishbowl.Core\Fishbowl.Core.csproj", "{8A8B7100-D21B-4958-A8A1-FAB286A4F8D9}"
EndProject
Project("{FAE04EC0-301F-11D3-BF4B-00C04F79EFBC}") = "Fishbowl.Data", "src\Fishbowl.Data\Fishbowl.Data.csproj", "{6A9EBE32-CCF2-412E-86B1-05762D7BFA1E}"
EndProject
Project("{FAE04EC0-301F-11D3-BF4B-00C04F79EFBC}") = "Fishbowl.Search", "src\Fishbowl.Search\Fishbowl.Search.csproj", "{009E8F1E-E63D-485B-8BF4-63C7D10886B9}"
EndProject
Project("{FAE04EC0-301F-11D3-BF4B-00C04F79EFBC}") = "Fishbowl.Api", "src\Fishbowl.Api\Fishbowl.Api.csproj", "{3E9A7B9F-95D1-4798-ABEF-D94F8D788FAD}"
EndProject
Project("{FAE04EC0-301F-11D3-BF4B-00C04F79EFBC}") = "Fishbowl.Bot.Discord", "src\Fishbowl.Bot.Discord\Fishbowl.Bot.Discord.csproj", "{6F5EA111-7B6C-4F6B-84F0-D404FAB26E4F}"
EndProject
Project("{FAE04EC0-301F-11D3-BF4B-00C04F79EFBC}") = "Fishbowl.Sync", "src\Fishbowl.Sync\Fishbowl.Sync.csproj", "{EF60B0F0-859A-4B0C-B20C-76141A6514E5}"
EndProject
Project("{FAE04EC0-301F-11D3-BF4B-00C04F79EFBC}") = "Fishbowl.Scheduler", "src\Fishbowl.Scheduler\Fishbowl.Scheduler.csproj", "{16110935-24DD-4205-AFB7-4BDD096CBF29}"
EndProject
Project("{FAE04EC0-301F-11D3-BF4B-00C04F79EFBC}") = "Fishbowl.Scripting", "src\Fishbowl.Scripting\Fishbowl.Scripting.csproj", "{5B8FB5CA-59F9-4B9F-B47D-2D91EFF64BF1}"
EndProject
Project("{FAE04EC0-301F-11D3-BF4B-00C04F79EFBC}") = "Fishbowl.Host", "src\Fishbowl.Host\Fishbowl.Host.csproj", "{3FDBF49D-8D31-419A-B0FD-37D7F4D56CAC}"
EndProject
Project("{FAE04EC0-301F-11D3-BF4B-00C04F79EFBC}") = "Fishbowl.Data.Tests", "src\Fishbowl.Data.Tests\Fishbowl.Data.Tests.csproj", "{2E5357BD-B12E-460B-A578-B788684F3E10}"
EndProject
Project("{FAE04EC0-301F-11D3-BF4B-00C04F79EFBC}") = "Fishbowl.Core.Tests", "src\Fishbowl.Core.Tests\Fishbowl.Core.Tests.csproj", "{2F533974-9D53-4ACB-9CE4-B920F040CC3C}"
EndProject
Project("{FAE04EC0-301F-11D3-BF4B-00C04F79EFBC}") = "Fishbowl.Host.Tests", "src\Fishbowl.Host.Tests\Fishbowl.Host.Tests.csproj", "{42B443FF-745D-473C-A89A-8876D255FF07}"
EndProject
Project("{FAE04EC0-301F-11D3-BF4B-00C04F79EFBC}") = "Fishbowl.Ui.Tests", "src\Fishbowl.Ui.Tests\Fishbowl.Ui.Tests.csproj", "{8AA7F3FA-28C1-494A-A09B-FF2F01B14AF3}"
EndProject
Project("{FAE04EC0-301F-11D3-BF4B-00C04F79EFBC}") = "Fishbowl.Mcp", "src\Fishbowl.Mcp\Fishbowl.Mcp.csproj", "{04809A37-6F39-4A1C-9662-6512197D97A8}"
EndProject
Global
	GlobalSection(SolutionConfigurationPlatforms) = preSolution
		Debug|Any CPU = Debug|Any CPU
		Debug|x64 = Debug|x64
		Debug|x86 = Debug|x86
		Release|Any CPU = Release|Any CPU
		Release|x64 = Release|x64
		Release|x86 = Release|x86
	EndGlobalSection
	GlobalSection(ProjectConfigurationPlatforms) = postSolution
		{8A8B7100-D21B-4958-A8A1-FAB286A4F8D9}.Debug|Any CPU.ActiveCfg = Debug|Any CPU
		{8A8B7100-D21B-4958-A8A1-FAB286A4F8D9}.Debug|Any CPU.Build.0 = Debug|Any CPU
		{8A8B7100-D21B-4958-A8A1-FAB286A4F8D9}.Debug|x64.ActiveCfg = Debug|Any CPU
		{8A8B7100-D21B-4958-A8A1-FAB286A4F8D9}.Debug|x64.Build.0 = Debug|Any CPU
		{8A8B7100-D21B-4958-A8A1-FAB286A4F8D9}.Debug|x86.ActiveCfg = Debug|Any CPU
		{8A8B7100-D21B-4958-A8A1-FAB286A4F8D9}.Debug|x86.Build.0 = Debug|Any CPU
		{8A8B7100-D21B-4958-A8A1-FAB286A4F8D9}.Release|Any CPU.ActiveCfg = Release|Any CPU
		{8A8B7100-D21B-4958-A8A1-FAB286A4F8D9}.Release|Any CPU.Build.0 = Release|Any CPU
		{8A8B7100-D21B-4958-A8A1-FAB286A4F8D9}.Release|x64.ActiveCfg = Release|Any CPU
		{8A8B7100-D21B-4958-A8A1-FAB286A4F8D9}.Release|x64.Build.0 = Release|Any CPU
		{8A8B7100-D21B-4958-A8A1-FAB286A4F8D9}.Release|x86.ActiveCfg = Release|Any CPU
		{8A8B7100-D21B-4958-A8A1-FAB286A4F8D9}.Release|x86.Build.0 = Release|Any CPU
		{6A9EBE32-CCF2-412E-86B1-05762D7BFA1E}.Debug|Any CPU.ActiveCfg = Debug|Any CPU
		{6A9EBE32-CCF2-412E-86B1-05762D7BFA1E}.Debug|Any CPU.Build.0 = Debug|Any CPU
		{6A9EBE32-CCF2-412E-86B1-05762D7BFA1E}.Debug|x64.ActiveCfg = Debug|Any CPU
		{6A9EBE32-CCF2-412E-86B1-05762D7BFA1E}.Debug|x64.Build.0 = Debug|Any CPU
		{6A9EBE32-CCF2-412E-86B1-05762D7BFA1E}.Debug|x86.ActiveCfg = Debug|Any CPU
		{6A9EBE32-CCF2-412E-86B1-05762D7BFA1E}.Debug|x86.Build.0 = Debug|Any CPU
		{6A9EBE32-CCF2-412E-86B1-05762D7BFA1E}.Release|Any CPU.ActiveCfg = Release|Any CPU
		{6A9EBE32-CCF2-412E-86B1-05762D7BFA1E}.Release|Any CPU.Build.0 = Release|Any CPU
		{6A9EBE32-CCF2-412E-86B1-05762D7BFA1E}.Release|x64.ActiveCfg = Release|Any CPU
		{6A9EBE32-CCF2-412E-86B1-05762D7BFA1E}.Release|x64.Build.0 = Release|Any CPU
		{6A9EBE32-CCF2-412E-86B1-05762D7BFA1E}.Release|x86.ActiveCfg = Release|Any CPU
		{6A9EBE32-CCF2-412E-86B1-05762D7BFA1E}.Release|x86.Build.0 = Release|Any CPU
		{009E8F1E-E63D-485B-8BF4-63C7D10886B9}.Debug|Any CPU.ActiveCfg = Debug|Any CPU
		{009E8F1E-E63D-485B-8BF4-63C7D10886B9}.Debug|Any CPU.Build.0 = Debug|Any CPU
		{009E8F1E-E63D-485B-8BF4-63C7D10886B9}.Debug|x64.ActiveCfg = Debug|Any CPU
		{009E8F1E-E63D-485B-8BF4-63C7D10886B9}.Debug|x64.Build.0 = Debug|Any CPU
		{009E8F1E-E63D-485B-8BF4-63C7D10886B9}.Debug|x86.ActiveCfg = Debug|Any CPU
		{009E8F1E-E63D-485B-8BF4-63C7D10886B9}.Debug|x86.Build.0 = Debug|Any CPU
		{009E8F1E-E63D-485B-8BF4-63C7D10886B9}.Release|Any CPU.ActiveCfg = Release|Any CPU
		{009E8F1E-E63D-485B-8BF4-63C7D10886B9}.Release|Any CPU.Build.0 = Release|Any CPU
		{009E8F1E-E63D-485B-8BF4-63C7D10886B9}.Release|x64.ActiveCfg = Release|Any CPU
		{009E8F1E-E63D-485B-8BF4-63C7D10886B9}.Release|x64.Build.0 = Release|Any CPU
		{009E8F1E-E63D-485B-8BF4-63C7D10886B9}.Release|x86.ActiveCfg = Release|Any CPU
		{009E8F1E-E63D-485B-8BF4-63C7D10886B9}.Release|x86.Build.0 = Release|Any CPU
		{3E9A7B9F-95D1-4798-ABEF-D94F8D788FAD}.Debug|Any CPU.ActiveCfg = Debug|Any CPU
		{3E9A7B9F-95D1-4798-ABEF-D94F8D788FAD}.Debug|Any CPU.Build.0 = Debug|Any CPU
		{3E9A7B9F-95D1-4798-ABEF-D94F8D788FAD}.Debug|x64.ActiveCfg = Debug|Any CPU
		{3E9A7B9F-95D1-4798-ABEF-D94F8D788FAD}.Debug|x64.Build.0 = Debug|Any CPU
		{3E9A7B9F-95D1-4798-ABEF-D94F8D788FAD}.Debug|x86.ActiveCfg = Debug|Any CPU
		{3E9A7B9F-95D1-4798-ABEF-D94F8D788FAD}.Debug|x86.Build.0 = Debug|Any CPU
		{3E9A7B9F-95D1-4798-ABEF-D94F8D788FAD}.Release|Any CPU.ActiveCfg = Release|Any CPU
		{3E9A7B9F-95D1-4798-ABEF-D94F8D788FAD}.Release|Any CPU.Build.0 = Release|Any CPU
		{3E9A7B9F-95D1-4798-ABEF-D94F8D788FAD}.Release|x64.ActiveCfg = Release|Any CPU
		{3E9A7B9F-95D1-4798-ABEF-D94F8D788FAD}.Release|x64.Build.0 = Release|Any CPU
		{3E9A7B9F-95D1-4798-ABEF-D94F8D788FAD}.Release|x86.ActiveCfg = Release|Any CPU
		{3E9A7B9F-95D1-4798-ABEF-D94F8D788FAD}.Release|x86.Build.0 = Release|Any CPU
		{6F5EA111-7B6C-4F6B-84F0-D404FAB26E4F}.Debug|Any CPU.ActiveCfg = Debug|Any CPU
		{6F5EA111-7B6C-4F6B-84F0-D404FAB26E4F}.Debug|Any CPU.Build.0 = Debug|Any CPU
		{6F5EA111-7B6C-4F6B-84F0-D404FAB26E4F}.Debug|x64.ActiveCfg = Debug|Any CPU
		{6F5EA111-7B6C-4F6B-84F0-D404FAB26E4F}.Debug|x64.Build.0 = Debug|Any CPU
		{6F5EA111-7B6C-4F6B-84F0-D404FAB26E4F}.Debug|x86.ActiveCfg = Debug|Any CPU
		{6F5EA111-7B6C-4F6B-84F0-D404FAB26E4F}.Debug|x86.Build.0 = Debug|Any CPU
		{6F5EA111-7B6C-4F6B-84F0-D404FAB26E4F}.Release|Any CPU.ActiveCfg = Release|Any CPU
		{6F5EA111-7B6C-4F6B-84F0-D404FAB26E4F}.Release|Any CPU.Build.0 = Release|Any CPU
		{6F5EA111-7B6C-4F6B-84F0-D404FAB26E4F}.Release|x64.ActiveCfg = Release|Any CPU
		{6F5EA111-7B6C-4F6B-84F0-D404FAB26E4F}.Release|x64.Build.0 = Release|Any CPU
		{6F5EA111-7B6C-4F6B-84F0-D404FAB26E4F}.Release|x86.ActiveCfg = Release|Any CPU
		{6F5EA111-7B6C-4F6B-84F0-D404FAB26E4F}.Release|x86.Build.0 = Release|Any CPU
		{EF60B0F0-859A-4B0C-B20C-76141A6514E5}.Debug|Any CPU.ActiveCfg = Debug|Any CPU
		{EF60B0F0-859A-4B0C-B20C-76141A6514E5}.Debug|Any CPU.Build.0 = Debug|Any CPU
		{EF60B0F0-859A-4B0C-B20C-76141A6514E5}.Debug|x64.ActiveCfg = Debug|Any CPU
		{EF60B0F0-859A-4B0C-B20C-76141A6514E5}.Debug|x64.Build.0 = Debug|Any CPU
		{EF60B0F0-859A-4B0C-B20C-76141A6514E5}.Debug|x86.ActiveCfg = Debug|Any CPU
		{EF60B0F0-859A-4B0C-B20C-76141A6514E5}.Debug|x86.Build.0 = Debug|Any CPU
		{EF60B0F0-859A-4B0C-B20C-76141A6514E5}.Release|Any CPU.ActiveCfg = Release|Any CPU
		{EF60B0F0-859A-4B0C-B20C-76141A6514E5}.Release|Any CPU.Build.0 = Release|Any CPU
		{EF60B0F0-859A-4B0C-B20C-76141A6514E5}.Release|x64.ActiveCfg = Release|Any CPU
		{EF60B0F0-859A-4B0C-B20C-76141A6514E5}.Release|x64.Build.0 = Release|Any CPU
		{EF60B0F0-859A-4B0C-B20C-76141A6514E5}.Release|x86.ActiveCfg = Release|Any CPU
		{EF60B0F0-859A-4B0C-B20C-76141A6514E5}.Release|x86.Build.0 = Release|Any CPU
		{16110935-24DD-4205-AFB7-4BDD096CBF29}.Debug|Any CPU.ActiveCfg = Debug|Any CPU
		{16110935-24DD-4205-AFB7-4BDD096CBF29}.Debug|Any CPU.Build.0 = Debug|Any CPU
		{16110935-24DD-4205-AFB7-4BDD096CBF29}.Debug|x64.ActiveCfg = Debug|Any CPU
		{16110935-24DD-4205-AFB7-4BDD096CBF29}.Debug|x64.Build.0 = Debug|Any CPU
		{16110935-24DD-4205-AFB7-4BDD096CBF29}.Debug|x86.ActiveCfg = Debug|Any CPU
		{16110935-24DD-4205-AFB7-4BDD096CBF29}.Debug|x86.Build.0 = Debug|Any CPU
		{16110935-24DD-4205-AFB7-4BDD096CBF29}.Release|Any CPU.ActiveCfg = Release|Any CPU
		{16110935-24DD-4205-AFB7-4BDD096CBF29}.Release|Any CPU.Build.0 = Release|Any CPU
		{16110935-24DD-4205-AFB7-4BDD096CBF29}.Release|x64.ActiveCfg = Release|Any CPU
		{16110935-24DD-4205-AFB7-4BDD096CBF29}.Release|x64.Build.0 = Release|Any CPU
		{16110935-24DD-4205-AFB7-4BDD096CBF29}.Release|x86.ActiveCfg = Release|Any CPU
		{16110935-24DD-4205-AFB7-4BDD096CBF29}.Release|x86.Build.0 = Release|Any CPU
		{5B8FB5CA-59F9-4B9F-B47D-2D91EFF64BF1}.Debug|Any CPU.ActiveCfg = Debug|Any CPU
		{5B8FB5CA-59F9-4B9F-B47D-2D91EFF64BF1}.Debug|Any CPU.Build.0 = Debug|Any CPU
		{5B8FB5CA-59F9-4B9F-B47D-2D91EFF64BF1}.Debug|x64.ActiveCfg = Debug|Any CPU
		{5B8FB5CA-59F9-4B9F-B47D-2D91EFF64BF1}.Debug|x64.Build.0 = Debug|Any CPU
		{5B8FB5CA-59F9-4B9F-B47D-2D91EFF64BF1}.Debug|x86.ActiveCfg = Debug|Any CPU
		{5B8FB5CA-59F9-4B9F-B47D-2D91EFF64BF1}.Debug|x86.Build.0 = Debug|Any CPU
		{5B8FB5CA-59F9-4B9F-B47D-2D91EFF64BF1}.Release|Any CPU.ActiveCfg = Release|Any CPU
		{5B8FB5CA-59F9-4B9F-B47D-2D91EFF64BF1}.Release|Any CPU.Build.0 = Release|Any CPU
		{5B8FB5CA-59F9-4B9F-B47D-2D91EFF64BF1}.Release|x64.ActiveCfg = Release|Any CPU
		{5B8FB5CA-59F9-4B9F-B47D-2D91EFF64BF1}.Release|x64.Build.0 = Release|Any CPU
		{5B8FB5CA-59F9-4B9F-B47D-2D91EFF64BF1}.Release|x86.ActiveCfg = Release|Any CPU
		{5B8FB5CA-59F9-4B9F-B47D-2D91EFF64BF1}.Release|x86.Build.0 = Release|Any CPU
		{3FDBF49D-8D31-419A-B0FD-37D7F4D56CAC}.Debug|Any CPU.ActiveCfg = Debug|Any CPU
		{3FDBF49D-8D31-419A-B0FD-37D7F4D56CAC}.Debug|Any CPU.Build.0 = Debug|Any CPU
		{3FDBF49D-8D31-419A-B0FD-37D7F4D56CAC}.Debug|x64.ActiveCfg = Debug|Any CPU
		{3FDBF49D-8D31-419A-B0FD-37D7F4D56CAC}.Debug|x64.Build.0 = Debug|Any CPU
		{3FDBF49D-8D31-419A-B0FD-37D7F4D56CAC}.Debug|x86.ActiveCfg = Debug|Any CPU
		{3FDBF49D-8D31-419A-B0FD-37D7F4D56CAC}.Debug|x86.Build.0 = Debug|Any CPU
		{3FDBF49D-8D31-419A-B0FD-37D7F4D56CAC}.Release|Any CPU.ActiveCfg = Release|Any CPU
		{3FDBF49D-8D31-419A-B0FD-37D7F4D56CAC}.Release|Any CPU.Build.0 = Release|Any CPU
		{3FDBF49D-8D31-419A-B0FD-37D7F4D56CAC}.Release|x64.ActiveCfg = Release|Any CPU
		{3FDBF49D-8D31-419A-B0FD-37D7F4D56CAC}.Release|x64.Build.0 = Release|Any CPU
		{3FDBF49D-8D31-419A-B0FD-37D7F4D56CAC}.Release|x86.ActiveCfg = Release|Any CPU
		{3FDBF49D-8D31-419A-B0FD-37D7F4D56CAC}.Release|x86.Build.0 = Release|Any CPU
		{2E5357BD-B12E-460B-A578-B788684F3E10}.Debug|Any CPU.ActiveCfg = Debug|Any CPU
		{2E5357BD-B12E-460B-A578-B788684F3E10}.Debug|Any CPU.Build.0 = Debug|Any CPU
		{2E5357BD-B12E-460B-A578-B788684F3E10}.Debug|x64.ActiveCfg = Debug|Any CPU
		{2E5357BD-B12E-460B-A578-B788684F3E10}.Debug|x64.Build.0 = Debug|Any CPU
		{2E5357BD-B12E-460B-A578-B788684F3E10}.Debug|x86.ActiveCfg = Debug|Any CPU
		{2E5357BD-B12E-460B-A578-B788684F3E10}.Debug|x86.Build.0 = Debug|Any CPU
		{2E5357BD-B12E-460B-A578-B788684F3E10}.Release|Any CPU.ActiveCfg = Release|Any CPU
		{2E5357BD-B12E-460B-A578-B788684F3E10}.Release|Any CPU.Build.0 = Release|Any CPU
		{2E5357BD-B12E-460B-A578-B788684F3E10}.Release|x64.ActiveCfg = Release|Any CPU
		{2E5357BD-B12E-460B-A578-B788684F3E10}.Release|x64.Build.0 = Release|Any CPU
		{2E5357BD-B12E-460B-A578-B788684F3E10}.Release|x86.ActiveCfg = Release|Any CPU
		{2E5357BD-B12E-460B-A578-B788684F3E10}.Release|x86.Build.0 = Release|Any CPU
		{2F533974-9D53-4ACB-9CE4-B920F040CC3C}.Debug|Any CPU.ActiveCfg = Debug|Any CPU
		{2F533974-9D53-4ACB-9CE4-B920F040CC3C}.Debug|Any CPU.Build.0 = Debug|Any CPU
		{2F533974-9D53-4ACB-9CE4-B920F040CC3C}.Debug|x64.ActiveCfg = Debug|Any CPU
		{2F533974-9D53-4ACB-9CE4-B920F040CC3C}.Debug|x64.Build.0 = Debug|Any CPU
		{2F533974-9D53-4ACB-9CE4-B920F040CC3C}.Debug|x86.ActiveCfg = Debug|Any CPU
		{2F533974-9D53-4ACB-9CE4-B920F040CC3C}.Debug|x86.Build.0 = Debug|Any CPU
		{2F533974-9D53-4ACB-9CE4-B920F040CC3C}.Release|Any CPU.ActiveCfg = Release|Any CPU
		{2F533974-9D53-4ACB-9CE4-B920F040CC3C}.Release|Any CPU.Build.0 = Release|Any CPU
		{2F533974-9D53-4ACB-9CE4-B920F040CC3C}.Release|x64.ActiveCfg = Release|Any CPU
		{2F533974-9D53-4ACB-9CE4-B920F040CC3C}.Release|x64.Build.0 = Release|Any CPU
		{2F533974-9D53-4ACB-9CE4-B920F040CC3C}.Release|x86.ActiveCfg = Release|Any CPU
		{2F533974-9D53-4ACB-9CE4-B920F040CC3C}.Release|x86.Build.0 = Release|Any CPU
		{42B443FF-745D-473C-A89A-8876D255FF07}.Debug|Any CPU.ActiveCfg = Debug|Any CPU
		{42B443FF-745D-473C-A89A-8876D255FF07}.Debug|Any CPU.Build.0 = Debug|Any CPU
		{42B443FF-745D-473C-A89A-8876D255FF07}.Debug|x64.ActiveCfg = Debug|Any CPU
		{42B443FF-745D-473C-A89A-8876D255FF07}.Debug|x64.Build.0 = Debug|Any CPU
		{42B443FF-745D-473C-A89A-8876D255FF07}.Debug|x86.ActiveCfg = Debug|Any CPU
		{42B443FF-745D-473C-A89A-8876D255FF07}.Debug|x86.Build.0 = Debug|Any CPU
		{42B443FF-745D-473C-A89A-8876D255FF07}.Release|Any CPU.ActiveCfg = Release|Any CPU
		{42B443FF-745D-473C-A89A-8876D255FF07}.Release|Any CPU.Build.0 = Release|Any CPU
		{42B443FF-745D-473C-A89A-8876D255FF07}.Release|x64.ActiveCfg = Release|Any CPU
		{42B443FF-745D-473C-A89A-8876D255FF07}.Release|x64.Build.0 = Release|Any CPU
		{42B443FF-745D-473C-A89A-8876D255FF07}.Release|x86.ActiveCfg = Release|Any CPU
		{42B443FF-745D-473C-A89A-8876D255FF07}.Release|x86.Build.0 = Release|Any CPU
		{8AA7F3FA-28C1-494A-A09B-FF2F01B14AF3}.Debug|Any CPU.ActiveCfg = Debug|Any CPU
		{8AA7F3FA-28C1-494A-A09B-FF2F01B14AF3}.Debug|Any CPU.Build.0 = Debug|Any CPU
		{8AA7F3FA-28C1-494A-A09B-FF2F01B14AF3}.Debug|x64.ActiveCfg = Debug|Any CPU
		{8AA7F3FA-28C1-494A-A09B-FF2F01B14AF3}.Debug|x64.Build.0 = Debug|Any CPU
		{8AA7F3FA-28C1-494A-A09B-FF2F01B14AF3}.Debug|x86.ActiveCfg = Debug|Any CPU
		{8AA7F3FA-28C1-494A-A09B-FF2F01B14AF3}.Debug|x86.Build.0 = Debug|Any CPU
		{8AA7F3FA-28C1-494A-A09B-FF2F01B14AF3}.Release|Any CPU.ActiveCfg = Release|Any CPU
		{8AA7F3FA-28C1-494A-A09B-FF2F01B14AF3}.Release|Any CPU.Build.0 = Release|Any CPU
		{8AA7F3FA-28C1-494A-A09B-FF2F01B14AF3}.Release|x64.ActiveCfg = Release|Any CPU
		{8AA7F3FA-28C1-494A-A09B-FF2F01B14AF3}.Release|x64.Build.0 = Release|Any CPU
		{8AA7F3FA-28C1-494A-A09B-FF2F01B14AF3}.Release|x86.ActiveCfg = Release|Any CPU
		{8AA7F3FA-28C1-494A-A09B-FF2F01B14AF3}.Release|x86.Build.0 = Release|Any CPU
		{04809A37-6F39-4A1C-9662-6512197D97A8}.Debug|Any CPU.ActiveCfg = Debug|Any CPU
		{04809A37-6F39-4A1C-9662-6512197D97A8}.Debug|Any CPU.Build.0 = Debug|Any CPU
		{04809A37-6F39-4A1C-9662-6512197D97A8}.Debug|x64.ActiveCfg = Debug|Any CPU
		{04809A37-6F39-4A1C-9662-6512197D97A8}.Debug|x64.Build.0 = Debug|Any CPU
		{04809A37-6F39-4A1C-9662-6512197D97A8}.Debug|x86.ActiveCfg = Debug|Any CPU
		{04809A37-6F39-4A1C-9662-6512197D97A8}.Debug|x86.Build.0 = Debug|Any CPU
		{04809A37-6F39-4A1C-9662-6512197D97A8}.Release|Any CPU.ActiveCfg = Release|Any CPU
		{04809A37-6F39-4A1C-9662-6512197D97A8}.Release|Any CPU.Build.0 = Release|Any CPU
		{04809A37-6F39-4A1C-9662-6512197D97A8}.Release|x64.ActiveCfg = Release|Any CPU
		{04809A37-6F39-4A1C-9662-6512197D97A8}.Release|x64.Build.0 = Release|Any CPU
		{04809A37-6F39-4A1C-9662-6512197D97A8}.Release|x86.ActiveCfg = Release|Any CPU
		{04809A37-6F39-4A1C-9662-6512197D97A8}.Release|x86.Build.0 = Release|Any CPU
	EndGlobalSection
	GlobalSection(SolutionProperties) = preSolution
		HideSolutionNode = FALSE
	EndGlobalSection
	GlobalSection(NestedProjects) = preSolution
		{8A8B7100-D21B-4958-A8A1-FAB286A4F8D9} = {827E0CD3-B72D-47B6-A68D-7590B98EB39B}
		{6A9EBE32-CCF2-412E-86B1-05762D7BFA1E} = {827E0CD3-B72D-47B6-A68D-7590B98EB39B}
		{009E8F1E-E63D-485B-8BF4-63C7D10886B9} = {827E0CD3-B72D-47B6-A68D-7590B98EB39B}
		{3E9A7B9F-95D1-4798-ABEF-D94F8D788FAD} = {827E0CD3-B72D-47B6-A68D-7590B98EB39B}
		{6F5EA111-7B6C-4F6B-84F0-D404FAB26E4F} = {827E0CD3-B72D-47B6-A68D-7590B98EB39B}
		{EF60B0F0-859A-4B0C-B20C-76141A6514E5} = {827E0CD3-B72D-47B6-A68D-7590B98EB39B}
		{16110935-24DD-4205-AFB7-4BDD096CBF29} = {827E0CD3-B72D-47B6-A68D-7590B98EB39B}
		{5B8FB5CA-59F9-4B9F-B47D-2D91EFF64BF1} = {827E0CD3-B72D-47B6-A68D-7590B98EB39B}
		{3FDBF49D-8D31-419A-B0FD-37D7F4D56CAC} = {827E0CD3-B72D-47B6-A68D-7590B98EB39B}
		{2E5357BD-B12E-460B-A578-B788684F3E10} = {827E0CD3-B72D-47B6-A68D-7590B98EB39B}
		{2F533974-9D53-4ACB-9CE4-B920F040CC3C} = {827E0CD3-B72D-47B6-A68D-7590B98EB39B}
		{42B443FF-745D-473C-A89A-8876D255FF07} = {827E0CD3-B72D-47B6-A68D-7590B98EB39B}
		{8AA7F3FA-28C1-494A-A09B-FF2F01B14AF3} = {827E0CD3-B72D-47B6-A68D-7590B98EB39B}
		{04809A37-6F39-4A1C-9662-6512197D97A8} = {827E0CD3-B72D-47B6-A68D-7590B98EB39B}
	EndGlobalSection
EndGlobal
